
Microsoft Visual Studio Solution File, Format Version 12.00
# Visual Studio Version 17
VisualStudioVersion = 17.2.32616.157
MinimumVisualStudioVersion = 10.0.40219.1
Project("{9A19103F-16F7-4668-BE54-9A1E7A4F7556}") = "AuthenticationService", "BusTicketBookingSystem\AuthenticationService.csproj", "{A29684D5-22EB-4914-9D13-1C345B87E592}"
EndProject
Project("{9A19103F-16F7-4668-BE54-9A1E7A4F7556}") = "TicketingService", "TicketingService\TicketingService.csproj", "{156C9D5A-595D-4404-A908-2948028D8E5F}"
EndProject
Project("{9A19103F-16F7-4668-BE54-9A1E7A4F7556}") = "AdminService", "AdminService\AdminService.csproj", "{9B70444E-A4AD-4491-B8EC-9C05FFB07B8F}"
EndProject
Project("{9A19103F-16F7-4668-BE54-9A1E7A4F7556}") = "TicketManagerService", "TicketManagerService\TicketManagerService.csproj", "{95EBBFB0-E6B8-48D6-917B-BA17538C5C3B}"
EndProject
Project("{FAE04EC0-301F-11D3-BF4B-00C04F79EFBC}") = "TicketingServiceTest", "TicketingServiceTest\TicketingServiceTest.csproj", "{29DEF30F-C4F6-43EF-8AAF-D367B05A0A1F}"
EndProject
Global
	GlobalSection(SolutionConfigurationPlatforms) = preSolution
		Debug|Any CPU = Debug|Any CPU
		Release|Any CPU = Release|Any CPU
	EndGlobalSection
	GlobalSection(ProjectConfigurationPlatforms) = postSolution
		{A29684D5-22EB-4914-9D13-1C345B87E592}.Debug|Any CPU.ActiveCfg = Debug|Any CPU
		{A29684D5-22EB-4914-9D13-1C345B87E592}.Debug|Any CPU.Build.0 = Debug|Any CPU
		{A29684D5-22EB-4914-9D13-1C345B87E592}.Release|Any CPU.ActiveCfg = Release|Any CPU
		{A29684D5-22EB-4914-9D13-1C345B87E592}.Release|Any CPU.Build.0 = Release|Any CPU
		{156C9D5A-595D-4404-A908-2948028D8E5F}.Debug|Any CPU.ActiveCfg = Debug|Any CPU
		{156C9D5A-595D-4404-A908-2948028D8E5F}.Debug|Any CPU.Build.0 = Debug|Any CPU
		{156C9D5A-595D-4404-A908-2948028D8E5F}.Release|Any CPU.ActiveCfg = Release|Any CPU
		{156C9D5A-595D-4404-A908-2948028D8E5F}.Release|Any CPU.Build.0 = Release|Any CPU
		{9B70444E-A4AD-4491-B8EC-9C05FFB07B8F}.Debug|Any CPU.ActiveCfg = Debug|Any CPU
		{9B70444E-A4AD-4491-B8EC-9C05FFB07B8F}.Debug|Any CPU.Build.0 = Debug|Any CPU
		{9B70444E-A4AD-4491-B8EC-9C05FFB07B8F}.Release|Any CPU.ActiveCfg = Release|Any CPU
		{9B70444E-A4AD-4491-B8EC-9C05FFB07B8F}.Release|Any CPU.Build.0 = Release|Any CPU
		{95EBBFB0-E6B8-48D6-917B-BA17538C5C3B}.Debug|Any CPU.ActiveCfg = Debug|Any CPU
		{95EBBFB0-E6B8-48D6-917B-BA17538C5C3B}.Debug|Any CPU.Build.0 = Debug|Any CPU
		{95EBBFB0-E6B8-48D6-917B-BA17538C5C3B}.Release|Any CPU.ActiveCfg = Release|Any CPU
		{95EBBFB0-E6B8-48D6-917B-BA17538C5C3B}.Release|Any CPU.Build.0 = Release|Any CPU
		{29DEF30F-C4F6-43EF-8AAF-D367B05A0A1F}.Debug|Any CPU.ActiveCfg = Debug|Any CPU
		{29DEF30F-C4F6-43EF-8AAF-D367B05A0A1F}.Debug|Any CPU.Build.0 = Debug|Any CPU
		{29DEF30F-C4F6-43EF-8AAF-D367B05A0A1F}.Release|Any CPU.ActiveCfg = Release|Any CPU
		{29DEF30F-C4F6-43EF-8AAF-D367B05A0A1F}.Release|Any CPU.Build.0 = Release|Any CPU
	EndGlobalSection
	GlobalSection(SolutionProperties) = preSolution
		HideSolutionNode = FALSE
	EndGlobalSection
	GlobalSection(ExtensibilityGlobals) = postSolution
		SolutionGuid = {FF65330E-A06B-45F5-B3BF-E99D09D3AA70}
	EndGlobalSection
EndGlobal
